// !$*UTF8*$!
{
	archiveVersion = 1;
	classes = {
	};
	objectVersion = 50;
	objects = {

/* Begin PBXBuildFile section */
		936D81EE23A2F69E008A1C64 /* AppDelegate.swift in Sources */ = {isa = PBXBuildFile; fileRef = 936D81ED23A2F69E008A1C64 /* AppDelegate.swift */; };
		936D81F023A2F69E008A1C64 /* SceneDelegate.swift in Sources */ = {isa = PBXBuildFile; fileRef = 936D81EF23A2F69E008A1C64 /* SceneDelegate.swift */; };
		936D81F223A2F69E008A1C64 /* ViewController.swift in Sources */ = {isa = PBXBuildFile; fileRef = 936D81F123A2F69E008A1C64 /* ViewController.swift */; };
		936D81F523A2F69E008A1C64 /* Main.storyboard in Resources */ = {isa = PBXBuildFile; fileRef = 936D81F323A2F69E008A1C64 /* Main.storyboard */; };
		936D81F723A2F69E008A1C64 /* Assets.xcassets in Resources */ = {isa = PBXBuildFile; fileRef = 936D81F623A2F69E008A1C64 /* Assets.xcassets */; };
		936D81FA23A2F69E008A1C64 /* LaunchScreen.storyboard in Resources */ = {isa = PBXBuildFile; fileRef = 936D81F823A2F69E008A1C64 /* LaunchScreen.storyboard */; };
		936D820523A2F69F008A1C64 /* poc_baseTests.swift in Sources */ = {isa = PBXBuildFile; fileRef = 936D820423A2F69F008A1C64 /* poc_baseTests.swift */; };
		936D821123A2F75E008A1C64 /* Logger.swift in Sources */ = {isa = PBXBuildFile; fileRef = 936D821023A2F75E008A1C64 /* Logger.swift */; };
		936D821423A2F8E2008A1C64 /* Date+Extension.swift in Sources */ = {isa = PBXBuildFile; fileRef = 936D821323A2F8E2008A1C64 /* Date+Extension.swift */; };
/* End PBXBuildFile section */

/* Begin PBXContainerItemProxy section */
		936D820123A2F69F008A1C64 /* PBXContainerItemProxy */ = {
			isa = PBXContainerItemProxy;
			containerPortal = 936D81E223A2F69E008A1C64 /* Project object */;
			proxyType = 1;
			remoteGlobalIDString = 936D81E923A2F69E008A1C64;
			remoteInfo = "poc-base";
		};
/* End PBXContainerItemProxy section */

/* Begin PBXFileReference section */
		936D81EA23A2F69E008A1C64 /* poc-base.app */ = {isa = PBXFileReference; explicitFileType = wrapper.application; includeInIndex = 0; path = "poc-base.app"; sourceTree = BUILT_PRODUCTS_DIR; };
		936D81ED23A2F69E008A1C64 /* AppDelegate.swift */ = {isa = PBXFileReference; lastKnownFileType = sourcecode.swift; path = AppDelegate.swift; sourceTree = "<group>"; };
		936D81EF23A2F69E008A1C64 /* SceneDelegate.swift */ = {isa = PBXFileReference; lastKnownFileType = sourcecode.swift; path = SceneDelegate.swift; sourceTree = "<group>"; };
		936D81F123A2F69E008A1C64 /* ViewController.swift */ = {isa = PBXFileReference; lastKnownFileType = sourcecode.swift; path = ViewController.swift; sourceTree = "<group>"; };
		936D81F423A2F69E008A1C64 /* Base */ = {isa = PBXFileReference; lastKnownFileType = file.storyboard; name = Base; path = Base.lproj/Main.storyboard; sourceTree = "<group>"; };
		936D81F623A2F69E008A1C64 /* Assets.xcassets */ = {isa = PBXFileReference; lastKnownFileType = folder.assetcatalog; path = Assets.xcassets; sourceTree = "<group>"; };
		936D81F923A2F69E008A1C64 /* Base */ = {isa = PBXFileReference; lastKnownFileType = file.storyboard; name = Base; path = Base.lproj/LaunchScreen.storyboard; sourceTree = "<group>"; };
		936D81FB23A2F69E008A1C64 /* Info.plist */ = {isa = PBXFileReference; lastKnownFileType = text.plist.xml; path = Info.plist; sourceTree = "<group>"; };
		936D820023A2F69F008A1C64 /* poc-baseTests.xctest */ = {isa = PBXFileReference; explicitFileType = wrapper.cfbundle; includeInIndex = 0; path = "poc-baseTests.xctest"; sourceTree = BUILT_PRODUCTS_DIR; };
		936D820423A2F69F008A1C64 /* poc_baseTests.swift */ = {isa = PBXFileReference; lastKnownFileType = sourcecode.swift; path = poc_baseTests.swift; sourceTree = "<group>"; };
		936D820623A2F69F008A1C64 /* Info.plist */ = {isa = PBXFileReference; lastKnownFileType = text.plist.xml; path = Info.plist; sourceTree = "<group>"; };
		936D821023A2F75E008A1C64 /* Logger.swift */ = {isa = PBXFileReference; fileEncoding = 4; lastKnownFileType = sourcecode.swift; path = Logger.swift; sourceTree = "<group>"; };
		936D821323A2F8E2008A1C64 /* Date+Extension.swift */ = {isa = PBXFileReference; fileEncoding = 4; lastKnownFileType = sourcecode.swift; path = "Date+Extension.swift"; sourceTree = "<group>"; };
/* End PBXFileReference section */

/* Begin PBXFrameworksBuildPhase section */
		936D81E723A2F69E008A1C64 /* Frameworks */ = {
			isa = PBXFrameworksBuildPhase;
			buildActionMask = 2147483647;
			files = (
			);
			runOnlyForDeploymentPostprocessing = 0;
		};
		936D81FD23A2F69F008A1C64 /* Frameworks */ = {
			isa = PBXFrameworksBuildPhase;
			buildActionMask = 2147483647;
			files = (
			);
			runOnlyForDeploymentPostprocessing = 0;
		};
/* End PBXFrameworksBuildPhase section */

/* Begin PBXGroup section */
		936D81E123A2F69E008A1C64 = {
			isa = PBXGroup;
			children = (
				936D81EC23A2F69E008A1C64 /* poc-base */,
				936D820323A2F69F008A1C64 /* poc-baseTests */,
				936D81EB23A2F69E008A1C64 /* Products */,
			);
			sourceTree = "<group>";
		};
		936D81EB23A2F69E008A1C64 /* Products */ = {
			isa = PBXGroup;
			children = (
				936D81EA23A2F69E008A1C64 /* poc-base.app */,
				936D820023A2F69F008A1C64 /* poc-baseTests.xctest */,
			);
			name = Products;
			sourceTree = "<group>";
		};
		936D81EC23A2F69E008A1C64 /* poc-base */ = {
			isa = PBXGroup;
			children = (
				936D821223A2F8BA008A1C64 /* Extensions */,
				936D820F23A2F744008A1C64 /* libs */,
				936D81ED23A2F69E008A1C64 /* AppDelegate.swift */,
				936D81EF23A2F69E008A1C64 /* SceneDelegate.swift */,
				936D81F123A2F69E008A1C64 /* ViewController.swift */,
				936D81F323A2F69E008A1C64 /* Main.storyboard */,
				936D81F623A2F69E008A1C64 /* Assets.xcassets */,
				936D81F823A2F69E008A1C64 /* LaunchScreen.storyboard */,
				936D81FB23A2F69E008A1C64 /* Info.plist */,
			);
			path = "poc-base";
			sourceTree = "<group>";
		};
		936D820323A2F69F008A1C64 /* poc-baseTests */ = {
			isa = PBXGroup;
			children = (
				936D820423A2F69F008A1C64 /* poc_baseTests.swift */,
				936D820623A2F69F008A1C64 /* Info.plist */,
			);
			path = "poc-baseTests";
			sourceTree = "<group>";
		};
		936D820F23A2F744008A1C64 /* libs */ = {
			isa = PBXGroup;
			children = (
				936D821023A2F75E008A1C64 /* Logger.swift */,
			);
			path = libs;
			sourceTree = "<group>";
		};
		936D821223A2F8BA008A1C64 /* Extensions */ = {
			isa = PBXGroup;
			children = (
				936D821323A2F8E2008A1C64 /* Date+Extension.swift */,
			);
			path = Extensions;
			sourceTree = "<group>";
		};
/* End PBXGroup section */

/* Begin PBXNativeTarget section */
		936D81E923A2F69E008A1C64 /* poc-base */ = {
			isa = PBXNativeTarget;
			buildConfigurationList = 936D820923A2F69F008A1C64 /* Build configuration list for PBXNativeTarget "poc-base" */;
			buildPhases = (
				936D81E623A2F69E008A1C64 /* Sources */,
				936D81E723A2F69E008A1C64 /* Frameworks */,
				936D81E823A2F69E008A1C64 /* Resources */,
			);
			buildRules = (
			);
			dependencies = (
			);
			name = "poc-base";
			productName = "poc-base";
			productReference = 936D81EA23A2F69E008A1C64 /* poc-base.app */;
			productType = "com.apple.product-type.application";
		};
		936D81FF23A2F69F008A1C64 /* poc-baseTests */ = {
			isa = PBXNativeTarget;
			buildConfigurationList = 936D820C23A2F69F008A1C64 /* Build configuration list for PBXNativeTarget "poc-baseTests" */;
			buildPhases = (
				936D81FC23A2F69F008A1C64 /* Sources */,
				936D81FD23A2F69F008A1C64 /* Frameworks */,
				936D81FE23A2F69F008A1C64 /* Resources */,
			);
			buildRules = (
			);
			dependencies = (
				936D820223A2F69F008A1C64 /* PBXTargetDependency */,
			);
			name = "poc-baseTests";
			productName = "poc-baseTests";
			productReference = 936D820023A2F69F008A1C64 /* poc-baseTests.xctest */;
			productType = "com.apple.product-type.bundle.unit-test";
		};
/* End PBXNativeTarget section */

/* Begin PBXProject section */
		936D81E223A2F69E008A1C64 /* Project object */ = {
			isa = PBXProject;
			attributes = {
				LastSwiftUpdateCheck = 1120;
				LastUpgradeCheck = 1120;
				ORGANIZATIONNAME = "Atomic Robot";
				TargetAttributes = {
					936D81E923A2F69E008A1C64 = {
						CreatedOnToolsVersion = 11.2.1;
					};
					936D81FF23A2F69F008A1C64 = {
						CreatedOnToolsVersion = 11.2.1;
						TestTargetID = 936D81E923A2F69E008A1C64;
					};
				};
			};
			buildConfigurationList = 936D81E523A2F69E008A1C64 /* Build configuration list for PBXProject "poc-base" */;
			compatibilityVersion = "Xcode 9.3";
			developmentRegion = en;
			hasScannedForEncodings = 0;
			knownRegions = (
				en,
				Base,
			);
			mainGroup = 936D81E123A2F69E008A1C64;
			productRefGroup = 936D81EB23A2F69E008A1C64 /* Products */;
			projectDirPath = "";
			projectRoot = "";
			targets = (
				936D81E923A2F69E008A1C64 /* poc-base */,
				936D81FF23A2F69F008A1C64 /* poc-baseTests */,
			);
		};
/* End PBXProject section */

/* Begin PBXResourcesBuildPhase section */
		936D81E823A2F69E008A1C64 /* Resources */ = {
			isa = PBXResourcesBuildPhase;
			buildActionMask = 2147483647;
			files = (
				936D81FA23A2F69E008A1C64 /* LaunchScreen.storyboard in Resources */,
				936D81F723A2F69E008A1C64 /* Assets.xcassets in Resources */,
				936D81F523A2F69E008A1C64 /* Main.storyboard in Resources */,
			);
			runOnlyForDeploymentPostprocessing = 0;
		};
		936D81FE23A2F69F008A1C64 /* Resources */ = {
			isa = PBXResourcesBuildPhase;
			buildActionMask = 2147483647;
			files = (
			);
			runOnlyForDeploymentPostprocessing = 0;
		};
/* End PBXResourcesBuildPhase section */

/* Begin PBXSourcesBuildPhase section */
		936D81E623A2F69E008A1C64 /* Sources */ = {
			isa = PBXSourcesBuildPhase;
			buildActionMask = 2147483647;
			files = (
				936D821423A2F8E2008A1C64 /* Date+Extension.swift in Sources */,
				936D81F223A2F69E008A1C64 /* ViewController.swift in Sources */,
				936D81EE23A2F69E008A1C64 /* AppDelegate.swift in Sources */,
				936D81F023A2F69E008A1C64 /* SceneDelegate.swift in Sources */,
				936D821123A2F75E008A1C64 /* Logger.swift in Sources */,
			);
			runOnlyForDeploymentPostprocessing = 0;
		};
		936D81FC23A2F69F008A1C64 /* Sources */ = {
			isa = PBXSourcesBuildPhase;
			buildActionMask = 2147483647;
			files = (
				936D820523A2F69F008A1C64 /* poc_baseTests.swift in Sources */,
			);
			runOnlyForDeploymentPostprocessing = 0;
		};
/* End PBXSourcesBuildPhase section */

/* Begin PBXTargetDependency section */
		936D820223A2F69F008A1C64 /* PBXTargetDependency */ = {
			isa = PBXTargetDependency;
			target = 936D81E923A2F69E008A1C64 /* poc-base */;
			targetProxy = 936D820123A2F69F008A1C64 /* PBXContainerItemProxy */;
		};
/* End PBXTargetDependency section */

/* Begin PBXVariantGroup section */
		936D81F323A2F69E008A1C64 /* Main.storyboard */ = {
			isa = PBXVariantGroup;
			children = (
				936D81F423A2F69E008A1C64 /* Base */,
			);
			name = Main.storyboard;
			sourceTree = "<group>";
		};
		936D81F823A2F69E008A1C64 /* LaunchScreen.storyboard */ = {
			isa = PBXVariantGroup;
			children = (
				936D81F923A2F69E008A1C64 /* Base */,
			);
			name = LaunchScreen.storyboard;
			sourceTree = "<group>";
		};
/* End PBXVariantGroup section */

/* Begin XCBuildConfiguration section */
		936D820723A2F69F008A1C64 /* Debug */ = {
			isa = XCBuildConfiguration;
			buildSettings = {
				ALWAYS_SEARCH_USER_PATHS = NO;
				CLANG_ANALYZER_NONNULL = YES;
				CLANG_ANALYZER_NUMBER_OBJECT_CONVERSION = YES_AGGRESSIVE;
				CLANG_CXX_LANGUAGE_STANDARD = "gnu++14";
				CLANG_CXX_LIBRARY = "libc++";
				CLANG_ENABLE_MODULES = YES;
				CLANG_ENABLE_OBJC_ARC = YES;
				CLANG_ENABLE_OBJC_WEAK = YES;
				CLANG_WARN_BLOCK_CAPTURE_AUTORELEASING = YES;
				CLANG_WARN_BOOL_CONVERSION = YES;
				CLANG_WARN_COMMA = YES;
				CLANG_WARN_CONSTANT_CONVERSION = YES;
				CLANG_WARN_DEPRECATED_OBJC_IMPLEMENTATIONS = YES;
				CLANG_WARN_DIRECT_OBJC_ISA_USAGE = YES_ERROR;
				CLANG_WARN_DOCUMENTATION_COMMENTS = YES;
				CLANG_WARN_EMPTY_BODY = YES;
				CLANG_WARN_ENUM_CONVERSION = YES;
				CLANG_WARN_INFINITE_RECURSION = YES;
				CLANG_WARN_INT_CONVERSION = YES;
				CLANG_WARN_NON_LITERAL_NULL_CONVERSION = YES;
				CLANG_WARN_OBJC_IMPLICIT_RETAIN_SELF = YES;
				CLANG_WARN_OBJC_LITERAL_CONVERSION = YES;
				CLANG_WARN_OBJC_ROOT_CLASS = YES_ERROR;
				CLANG_WARN_RANGE_LOOP_ANALYSIS = YES;
				CLANG_WARN_STRICT_PROTOTYPES = YES;
				CLANG_WARN_SUSPICIOUS_MOVE = YES;
				CLANG_WARN_UNGUARDED_AVAILABILITY = YES_AGGRESSIVE;
				CLANG_WARN_UNREACHABLE_CODE = YES;
				CLANG_WARN__DUPLICATE_METHOD_MATCH = YES;
				COPY_PHASE_STRIP = NO;
				DEBUG_INFORMATION_FORMAT = dwarf;
				ENABLE_STRICT_OBJC_MSGSEND = YES;
				ENABLE_TESTABILITY = YES;
				GCC_C_LANGUAGE_STANDARD = gnu11;
				GCC_DYNAMIC_NO_PIC = NO;
				GCC_NO_COMMON_BLOCKS = YES;
				GCC_OPTIMIZATION_LEVEL = 0;
				GCC_PREPROCESSOR_DEFINITIONS = (
					"DEBUG=1",
					"$(inherited)",
				);
				GCC_WARN_64_TO_32_BIT_CONVERSION = YES;
				GCC_WARN_ABOUT_RETURN_TYPE = YES_ERROR;
				GCC_WARN_UNDECLARED_SELECTOR = YES;
				GCC_WARN_UNINITIALIZED_AUTOS = YES_AGGRESSIVE;
				GCC_WARN_UNUSED_FUNCTION = YES;
				GCC_WARN_UNUSED_VARIABLE = YES;
				IPHONEOS_DEPLOYMENT_TARGET = 13.2;
				MTL_ENABLE_DEBUG_INFO = INCLUDE_SOURCE;
				MTL_FAST_MATH = YES;
				ONLY_ACTIVE_ARCH = YES;
				SDKROOT = iphoneos;
				SWIFT_ACTIVE_COMPILATION_CONDITIONS = DEBUG;
				SWIFT_OPTIMIZATION_LEVEL = "-Onone";
			};
			name = Debug;
		};
		936D820823A2F69F008A1C64 /* Release */ = {
			isa = XCBuildConfiguration;
			buildSettings = {
				ALWAYS_SEARCH_USER_PATHS = NO;
				CLANG_ANALYZER_NONNULL = YES;
				CLANG_ANALYZER_NUMBER_OBJECT_CONVERSION = YES_AGGRESSIVE;
				CLANG_CXX_LANGUAGE_STANDARD = "gnu++14";
				CLANG_CXX_LIBRARY = "libc++";
				CLANG_ENABLE_MODULES = YES;
				CLANG_ENABLE_OBJC_ARC = YES;
				CLANG_ENABLE_OBJC_WEAK = YES;
				CLANG_WARN_BLOCK_CAPTURE_AUTORELEASING = YES;
				CLANG_WARN_BOOL_CONVERSION = YES;
				CLANG_WARN_COMMA = YES;
				CLANG_WARN_CONSTANT_CONVERSION = YES;
				CLANG_WARN_DEPRECATED_OBJC_IMPLEMENTATIONS = YES;
				CLANG_WARN_DIRECT_OBJC_ISA_USAGE = YES_ERROR;
				CLANG_WARN_DOCUMENTATION_COMMENTS = YES;
				CLANG_WARN_EMPTY_BODY = YES;
				CLANG_WARN_ENUM_CONVERSION = YES;
				CLANG_WARN_INFINITE_RECURSION = YES;
				CLANG_WARN_INT_CONVERSION = YES;
				CLANG_WARN_NON_LITERAL_NULL_CONVERSION = YES;
				CLANG_WARN_OBJC_IMPLICIT_RETAIN_SELF = YES;
				CLANG_WARN_OBJC_LITERAL_CONVERSION = YES;
				CLANG_WARN_OBJC_ROOT_CLASS = YES_ERROR;
				CLANG_WARN_RANGE_LOOP_ANALYSIS = YES;
				CLANG_WARN_STRICT_PROTOTYPES = YES;
				CLANG_WARN_SUSPICIOUS_MOVE = YES;
				CLANG_WARN_UNGUARDED_AVAILABILITY = YES_AGGRESSIVE;
				CLANG_WARN_UNREACHABLE_CODE = YES;
				CLANG_WARN__DUPLICATE_METHOD_MATCH = YES;
				COPY_PHASE_STRIP = NO;
				DEBUG_INFORMATION_FORMAT = "dwarf-with-dsym";
				ENABLE_NS_ASSERTIONS = NO;
				ENABLE_STRICT_OBJC_MSGSEND = YES;
				GCC_C_LANGUAGE_STANDARD = gnu11;
				GCC_NO_COMMON_BLOCKS = YES;
				GCC_WARN_64_TO_32_BIT_CONVERSION = YES;
				GCC_WARN_ABOUT_RETURN_TYPE = YES_ERROR;
				GCC_WARN_UNDECLARED_SELECTOR = YES;
				GCC_WARN_UNINITIALIZED_AUTOS = YES_AGGRESSIVE;
				GCC_WARN_UNUSED_FUNCTION = YES;
				GCC_WARN_UNUSED_VARIABLE = YES;
				IPHONEOS_DEPLOYMENT_TARGET = 13.2;
				MTL_ENABLE_DEBUG_INFO = NO;
				MTL_FAST_MATH = YES;
				SDKROOT = iphoneos;
				SWIFT_COMPILATION_MODE = wholemodule;
				SWIFT_OPTIMIZATION_LEVEL = "-O";
				VALIDATE_PRODUCT = YES;
			};
			name = Release;
		};
		936D820A23A2F69F008A1C64 /* Debug */ = {
			isa = XCBuildConfiguration;
			buildSettings = {
				ASSETCATALOG_COMPILER_APPICON_NAME = AppIcon;
				CODE_SIGN_STYLE = Automatic;
				DEVELOPMENT_TEAM = LQZ9HX53KV;
				INFOPLIST_FILE = "poc-base/Info.plist";
				LD_RUNPATH_SEARCH_PATHS = (
					"$(inherited)",
					"@executable_path/Frameworks",
				);
				PRODUCT_BUNDLE_IDENTIFIER = "com.atomicrobot.poc-base";
				PRODUCT_NAME = "$(TARGET_NAME)";
				SWIFT_VERSION = 5.0;
				TARGETED_DEVICE_FAMILY = "1,2";
			};
			name = Debug;
		};
		936D820B23A2F69F008A1C64 /* Release */ = {
			isa = XCBuildConfiguration;
			buildSettings = {
				ASSETCATALOG_COMPILER_APPICON_NAME = AppIcon;
				CODE_SIGN_STYLE = Automatic;
				DEVELOPMENT_TEAM = LQZ9HX53KV;
				INFOPLIST_FILE = "poc-base/Info.plist";
				LD_RUNPATH_SEARCH_PATHS = (
					"$(inherited)",
					"@executable_path/Frameworks",
				);
				PRODUCT_BUNDLE_IDENTIFIER = "com.atomicrobot.poc-base";
				PRODUCT_NAME = "$(TARGET_NAME)";
				SWIFT_VERSION = 5.0;
				TARGETED_DEVICE_FAMILY = "1,2";
			};
			name = Release;
		};
		936D820D23A2F69F008A1C64 /* Debug */ = {
			isa = XCBuildConfiguration;
			buildSettings = {
				ALWAYS_EMBED_SWIFT_STANDARD_LIBRARIES = YES;
				BUNDLE_LOADER = "$(TEST_HOST)";
				CODE_SIGN_STYLE = Automatic;
				DEVELOPMENT_TEAM = LQZ9HX53KV;
				INFOPLIST_FILE = "poc-baseTests/Info.plist";
				IPHONEOS_DEPLOYMENT_TARGET = 13.2;
				LD_RUNPATH_SEARCH_PATHS = (
					"$(inherited)",
					"@executable_path/Frameworks",
					"@loader_path/Frameworks",
				);
				PRODUCT_BUNDLE_IDENTIFIER = "com.atomicrobot.poc-baseTests";
				PRODUCT_NAME = "$(TARGET_NAME)";
				SWIFT_VERSION = 5.0;
				TARGETED_DEVICE_FAMILY = "1,2";
				TEST_HOST = "$(BUILT_PRODUCTS_DIR)/poc-base.app/poc-base";
			};
			name = Debug;
		};
		936D820E23A2F69F008A1C64 /* Release */ = {
			isa = XCBuildConfiguration;
			buildSettings = {
				ALWAYS_EMBED_SWIFT_STANDARD_LIBRARIES = YES;
				BUNDLE_LOADER = "$(TEST_HOST)";
				CODE_SIGN_STYLE = Automatic;
				DEVELOPMENT_TEAM = LQZ9HX53KV;
				INFOPLIST_FILE = "poc-baseTests/Info.plist";
				IPHONEOS_DEPLOYMENT_TARGET = 13.2;
				LD_RUNPATH_SEARCH_PATHS = (
					"$(inherited)",
					"@executable_path/Frameworks",
					"@loader_path/Frameworks",
				);
				PRODUCT_BUNDLE_IDENTIFIER = "com.atomicrobot.poc-baseTests";
				PRODUCT_NAME = "$(TARGET_NAME)";
				SWIFT_VERSION = 5.0;
				TARGETED_DEVICE_FAMILY = "1,2";
				TEST_HOST = "$(BUILT_PRODUCTS_DIR)/poc-base.app/poc-base";
			};
			name = Release;
		};
/* End XCBuildConfiguration section */

/* Begin XCConfigurationList section */
		936D81E523A2F69E008A1C64 /* Build configuration list for PBXProject "poc-base" */ = {
			isa = XCConfigurationList;
			buildConfigurations = (
				936D820723A2F69F008A1C64 /* Debug */,
				936D820823A2F69F008A1C64 /* Release */,
			);
			defaultConfigurationIsVisible = 0;
			defaultConfigurationName = Release;
		};
		936D820923A2F69F008A1C64 /* Build configuration list for PBXNativeTarget "poc-base" */ = {
			isa = XCConfigurationList;
			buildConfigurations = (
				936D820A23A2F69F008A1C64 /* Debug */,
				936D820B23A2F69F008A1C64 /* Release */,
			);
			defaultConfigurationIsVisible = 0;
			defaultConfigurationName = Release;
		};
		936D820C23A2F69F008A1C64 /* Build configuration list for PBXNativeTarget "poc-baseTests" */ = {
			isa = XCConfigurationList;
			buildConfigurations = (
				936D820D23A2F69F008A1C64 /* Debug */,
				936D820E23A2F69F008A1C64 /* Release */,
			);
			defaultConfigurationIsVisible = 0;
			defaultConfigurationName = Release;
		};
/* End XCConfigurationList section */
	};
	rootObject = 936D81E223A2F69E008A1C64 /* Project object */;
}
